
Microsoft Visual Studio Solution File, Format Version 12.00
# Visual Studio Version 17
VisualStudioVersion = 17.12.35527.113
MinimumVisualStudioVersion = 10.0.40219.1
Project("{FAE04EC0-301F-11D3-BF4B-00C04F79EFBC}") = "WebApi", "WebApi\WebApi.csproj", "{FCC563E3-3103-4161-BF79-2F7C48AB6827}"
EndProject
Project("{FAE04EC0-301F-11D3-BF4B-00C04F79EFBC}") = "Entities", "Entities\Entities.csproj", "{2702A22A-69A4-4D88-A009-8750C934020F}"
EndProject
Project("{FAE04EC0-301F-11D3-BF4B-00C04F79EFBC}") = "Repositories", "Repositories\Repositories.csproj", "{4A1C13F1-625A-48C6-B68A-C8AE46414538}"
EndProject
Project("{FAE04EC0-301F-11D3-BF4B-00C04F79EFBC}") = "Services", "Services\Services.csproj", "{35BC77FB-8A84-4CEB-A734-04E04F0C4316}"
EndProject
Project("{FAE04EC0-301F-11D3-BF4B-00C04F79EFBC}") = "Presentation", "Presentation\Presentation.csproj", "{7BCCE4CE-8F90-4231-A9AF-F48820B3D19C}"
EndProject
Global
	GlobalSection(SolutionConfigurationPlatforms) = preSolution
		Debug|Any CPU = Debug|Any CPU
		Release|Any CPU = Release|Any CPU
	EndGlobalSection
	GlobalSection(ProjectConfigurationPlatforms) = postSolution
		{FCC563E3-3103-4161-BF79-2F7C48AB6827}.Debug|Any CPU.ActiveCfg = Debug|Any CPU
		{FCC563E3-3103-4161-BF79-2F7C48AB6827}.Debug|Any CPU.Build.0 = Debug|Any CPU
		{FCC563E3-3103-4161-BF79-2F7C48AB6827}.Release|Any CPU.ActiveCfg = Release|Any CPU
		{FCC563E3-3103-4161-BF79-2F7C48AB6827}.Release|Any CPU.Build.0 = Release|Any CPU
		{2702A22A-69A4-4D88-A009-8750C934020F}.Debug|Any CPU.ActiveCfg = Debug|Any CPU
		{2702A22A-69A4-4D88-A009-8750C934020F}.Debug|Any CPU.Build.0 = Debug|Any CPU
		{2702A22A-69A4-4D88-A009-8750C934020F}.Release|Any CPU.ActiveCfg = Release|Any CPU
		{2702A22A-69A4-4D88-A009-8750C934020F}.Release|Any CPU.Build.0 = Release|Any CPU
		{4A1C13F1-625A-48C6-B68A-C8AE46414538}.Debug|Any CPU.ActiveCfg = Debug|Any CPU
		{4A1C13F1-625A-48C6-B68A-C8AE46414538}.Debug|Any CPU.Build.0 = Debug|Any CPU
		{4A1C13F1-625A-48C6-B68A-C8AE46414538}.Release|Any CPU.ActiveCfg = Release|Any CPU
		{4A1C13F1-625A-48C6-B68A-C8AE46414538}.Release|Any CPU.Build.0 = Release|Any CPU
		{35BC77FB-8A84-4CEB-A734-04E04F0C4316}.Debug|Any CPU.ActiveCfg = Debug|Any CPU
		{35BC77FB-8A84-4CEB-A734-04E04F0C4316}.Debug|Any CPU.Build.0 = Debug|Any CPU
		{35BC77FB-8A84-4CEB-A734-04E04F0C4316}.Release|Any CPU.ActiveCfg = Release|Any CPU
		{35BC77FB-8A84-4CEB-A734-04E04F0C4316}.Release|Any CPU.Build.0 = Release|Any CPU
		{7BCCE4CE-8F90-4231-A9AF-F48820B3D19C}.Debug|Any CPU.ActiveCfg = Debug|Any CPU
		{7BCCE4CE-8F90-4231-A9AF-F48820B3D19C}.Debug|Any CPU.Build.0 = Debug|Any CPU
		{7BCCE4CE-8F90-4231-A9AF-F48820B3D19C}.Release|Any CPU.ActiveCfg = Release|Any CPU
		{7BCCE4CE-8F90-4231-A9AF-F48820B3D19C}.Release|Any CPU.Build.0 = Release|Any CPU
	EndGlobalSection
	GlobalSection(SolutionProperties) = preSolution
		HideSolutionNode = FALSE
	EndGlobalSection
	GlobalSection(ExtensibilityGlobals) = postSolution
		SolutionGuid = {549C6A71-461D-47A0-9C8C-80A5E5EF1406}
	EndGlobalSection
EndGlobal
